
Microsoft Visual Studio Solution File, Format Version 12.00
# Visual Studio Version 17
VisualStudioVersion = 17.6.33723.286
MinimumVisualStudioVersion = 10.0.40219.1
Project("{FAE04EC0-301F-11D3-BF4B-00C04F79EFBC}") = "constant-interpolated-strings", "constant-interpolated-strings.csproj", "{4288B306-F8F5-4DFC-BB2F-0915244E9795}"
EndProject
Global
	GlobalSection(SolutionConfigurationPlatforms) = preSolution
		Debug|Any CPU = Debug|Any CPU
		Release|Any CPU = Release|Any CPU
	EndGlobalSection
	GlobalSection(ProjectConfigurationPlatforms) = postSolution
		{4288B306-F8F5-4DFC-BB2F-0915244E9795}.Debug|Any CPU.ActiveCfg = Debug|Any CPU
		{4288B306-F8F5-4DFC-BB2F-0915244E9795}.Debug|Any CPU.Build.0 = Debug|Any CPU
		{4288B306-F8F5-4DFC-BB2F-0915244E9795}.Release|Any CPU.ActiveCfg = Release|Any CPU
		{4288B306-F8F5-4DFC-BB2F-0915244E9795}.Release|Any CPU.Build.0 = Release|Any CPU
	EndGlobalSection
	GlobalSection(SolutionProperties) = preSolution
		HideSolutionNode = FALSE
	EndGlobalSection
	GlobalSection(ExtensibilityGlobals) = postSolution
		SolutionGuid = {F7DC4F8C-B366-43F6-8C19-5F631FA7B42F}
	EndGlobalSection
EndGlobal
